{
  "nodes": {
    "nixpkgs": {
      "locked": {
        "lastModified": 1783475927,
        "narHash": "sha256-CuZOejkKSKxC/9sLZSt4lb6P/k+UBsmpvfYOH/fGKW0=",
        "owner": "pmarreck",
        "repo": "nixpkgs",
        "rev": "a7a4d71bff5de2da3924b6893ed95dbf4ac1e7aa",
        "type": "github"
      },
      "original": {
        "owner": "pmarreck",
        "repo": "nixpkgs",
        "rev": "a7a4d71bff5de2da3924b6893ed95dbf4ac1e7aa",
        "type": "github"
      }
    },
    "root": {
      "inputs": {
        "nixpkgs": "nixpkgs"
      }
    }
  },
  "root": "root",
  "version": 7
}
